{
  "version": 4,
  "terraform_version": "1.8.5",
  "serial": 5,
  "lineage": "aab583a6-5ae0-7e08-5208-6295221bdafb",
  "outputs": {
    "file_path": {
      "value": "./demo-001.txt",
      "type": "string"
    }
  },
  "resources": [
    {
      "mode": "managed",
      "type": "local_file",
      "name": "demo_file",
      "provider": "provider[\"registry.terraform.io/hashicorp/local\"]",
      "instances": [
        {
          "schema_version": 0,
          "attributes": {
            "content": "This file was created by Terraform at 2025-05-30T07:47:29Z",
            "content_base64": null,
            "content_base64sha256": "p5QhqcZ0D5Jp4NX2b4OrAVA02p2IQPo3yqljb0bsZ6Q=",
            "content_base64sha512": "QnRo3n3QXrQDfxyewaF/j4AnPGk5SG0FFOoUDr4ZvMkRcikL1I9dr1BKRuFGKVjmeuNd7QAvmtl37/Es8EbJqQ==",
            "content_md5": "58ac867e45a92e3d292eec7c63b3dab4",
            "content_sha1": "730efc4ce7e45dba0a83f0fd1b5b157a0f52e6da",
            "content_sha256": "a79421a9c6740f9269e0d5f66f83ab015034da9d8840fa37caa9636f46ec67a4",
            "content_sha512": "427468de7dd05eb4037f1c9ec1a17f8f80273c6939486d0514ea140ebe19bcc91172290bd48f5daf504a46e1462958e67ae35ded002f9ad977eff12cf046c9a9",
            "directory_permission": "0777",
            "file_permission": "0777",
            "filename": "./demo-001.txt",
            "id": "730efc4ce7e45dba0a83f0fd1b5b157a0f52e6da",
            "sensitive_content": null,
            "source": null
          },
          "sensitive_attributes": [
            [
              {
                "type": "get_attr",
                "value": "sensitive_content"
              }
            ]
          ]
        }
      ]
    },
    {
      "mode": "managed",
      "type": "null_resource",
      "name": "mkdir",
      "provider": "provider[\"registry.terraform.io/hashicorp/null\"]",
      "instances": [
        {
          "schema_version": 0,
          "attributes": {
            "id": "2227011059429464054",
            "triggers": null
          },
          "sensitive_attributes": []
        }
      ]
    }
  ],
  "check_results": null
}
